
Microsoft Visual Studio Solution File, Format Version 12.00
# Visual Studio Version 16
VisualStudioVersion = 16.0.32929.386
MinimumVisualStudioVersion = 10.0.40219.1
Project("{FAE04EC0-301F-11D3-BF4B-00C04F79EFBC}") = "RichMond", "RichMond\RichMond.csproj", "{1EE60961-94FD-4FAF-9443-D9B44873199F}"
EndProject
Project("{FAE04EC0-301F-11D3-BF4B-00C04F79EFBC}") = "Richmond.Domain", "Richmond.Domain\Richmond.Domain.csproj", "{68BDB3E1-1475-4427-9F54-076399574960}"
EndProject
Global
	GlobalSection(SolutionConfigurationPlatforms) = preSolution
		Debug|Any CPU = Debug|Any CPU
		Release|Any CPU = Release|Any CPU
	EndGlobalSection
	GlobalSection(ProjectConfigurationPlatforms) = postSolution
		{1EE60961-94FD-4FAF-9443-D9B44873199F}.Debug|Any CPU.ActiveCfg = Debug|Any CPU
		{1EE60961-94FD-4FAF-9443-D9B44873199F}.Debug|Any CPU.Build.0 = Debug|Any CPU
		{1EE60961-94FD-4FAF-9443-D9B44873199F}.Release|Any CPU.ActiveCfg = Release|Any CPU
		{1EE60961-94FD-4FAF-9443-D9B44873199F}.Release|Any CPU.Build.0 = Release|Any CPU
		{68BDB3E1-1475-4427-9F54-076399574960}.Debug|Any CPU.ActiveCfg = Debug|Any CPU
		{68BDB3E1-1475-4427-9F54-076399574960}.Debug|Any CPU.Build.0 = Debug|Any CPU
		{68BDB3E1-1475-4427-9F54-076399574960}.Release|Any CPU.ActiveCfg = Release|Any CPU
		{68BDB3E1-1475-4427-9F54-076399574960}.Release|Any CPU.Build.0 = Release|Any CPU
	EndGlobalSection
	GlobalSection(SolutionProperties) = preSolution
		HideSolutionNode = FALSE
	EndGlobalSection
	GlobalSection(ExtensibilityGlobals) = postSolution
		SolutionGuid = {0860C86F-65F4-4BCD-BADE-CD52EDC3F446}
	EndGlobalSection
EndGlobal
